{
  "name": "excel-sheet-generator",
  "lockfileVersion": 3,
  "requires": true,
  "packages": {
    "": {
      "dependencies": {
        "sweetalert2": "^11.10.6"
      }
    },
    "node_modules/sweetalert2": {
      "version": "11.10.6",
      "resolved": "https://registry.npmjs.org/sweetalert2/-/sweetalert2-11.10.6.tgz",
      "integrity": "sha512-CINZPLZXZRSZqSOE7H7j1F7X8e8O1kLOiXPmtJn1DYxvXsKBr3d16d90+IcwTTs7dJww20h8r8QIxIwsLGX+6A==",
      "funding": {
        "type": "individual",
        "url": "https://github.com/sponsors/limonte"
      }
    }
  }
}
